<?xml version="1.0" encoding="UTF-8" standalone="yes" ?>
<CodeBlocks_project_file>
	<FileVersion major="1" minor="5" />
	<Project>
		<Option title="tinyxml_lib" />
		<Option default_target="" />
		<Option compiler="gcc" />
		<Option virtualFolders="" />
		<Build>
			<Target title="Debug">
				<Option output="libtinyxmld.a" />
				<Option working_dir="" />
				<Option object_output="Debug" />
				<Option type="2" />
				<Option compiler="gcc" />
				<Option createDefFile="1" />
				<Option projectResourceIncludeDirsRelation="0" />
				<Compiler>
					<Add option="-W" />
					<Add option="-Wall" />
					<Add option="-g" />
					<Add option="-fexceptions" />
					<Add option="-DWIN32" />
					<Add option="-D_DEBUG" />
					<Add option="-D_MBCS" />
					<Add option="-D_LIB" />
				</Compiler>
			</Target>
			<Target title="Release">
				<Option output="libtinyxml.a" />
				<Option working_dir="" />
				<Option object_output="Release" />
				<Option type="2" />
				<Option compiler="gcc" />
				<Option createDefFile="1" />
				<Option projectResourceIncludeDirsRelation="0" />
				<Compiler>
					<Add option="-Os" />
					<Add option="-O3" />
					<Add option="-W" />
					<Add option="-fexceptions" />
					<Add option="-DWIN32" />
					<Add option="-DNDEBUG" />
					<Add option="-D_MBCS" />
					<Add option="-D_LIB" />
				</Compiler>
				<Linker>
					<Add option="-s" />
				</Linker>
			</Target>
			<Target title="default">
				<Option output="libtinyxml.a" />
				<Option working_dir="" />
				<Option object_output="Release" />
				<Option type="2" />
				<Option compiler="gcc" />
				<Option createDefFile="1" />
				<Option projectResourceIncludeDirsRelation="0" />
				<Compiler>
					<Add option="-Os" />
					<Add option="-O3" />
					<Add option="-W" />
					<Add option="-fexceptions" />
					<Add option="-DWIN32" />
					<Add option="-DNDEBUG" />
					<Add option="-D_MBCS" />
					<Add option="-D_LIB" />
				</Compiler>
				<Linker>
					<Add option="-s" />
				</Linker>
			</Target>
		</Build>
		<VirtualTargets>
			<Add alias="All" targets="Debug;Release;default;" />
		</VirtualTargets>
		<Compiler>
			<Add option="-DTIXML_USE_STL" />
		</Compiler>
		<Unit filename=".\changes.txt">
			<Option compilerVar="CPP" />
			<Option compile="0" />
			<Option link="0" />
			<Option target="Release" />
			<Option target="Debug" />
			<Option target="default" />
		</Unit>
		<Unit filename=".\readme.txt">
			<Option compilerVar="CPP" />
			<Option compile="0" />
			<Option link="0" />
			<Option target="Release" />
			<Option target="Debug" />
			<Option target="default" />
		</Unit>
		<Unit filename="ticpp.cpp">
			<Option compilerVar="CPP" />
			<Option target="Debug" />
			<Option target="Release" />
			<Option target="default" />
		</Unit>
		<Unit filename="ticpp.h">
			<Option compilerVar="CPP" />
			<Option compile="0" />
			<Option link="0" />
			<Option target="Debug" />
			<Option target="Release" />
			<Option target="default" />
		</Unit>
		<Unit filename=".\tinystr.cpp">
			<Option compilerVar="CPP" />
			<Option target="Release" />
			<Option target="Debug" />
			<Option target="default" />
		</Unit>
		<Unit filename=".\tinystr.h">
			<Option compilerVar="CPP" />
			<Option compile="0" />
			<Option link="0" />
			<Option target="Release" />
			<Option target="Debug" />
			<Option target="default" />
		</Unit>
		<Unit filename=".\tinyxml.cpp">
			<Option compilerVar="CPP" />
			<Option target="Release" />
			<Option target="Debug" />
			<Option target="default" />
		</Unit>
		<Unit filename=".\tinyxml.h">
			<Option compilerVar="CPP" />
			<Option compile="0" />
			<Option link="0" />
			<Option target="Release" />
			<Option target="Debug" />
			<Option target="default" />
		</Unit>
		<Unit filename=".\tinyxmlerror.cpp">
			<Option compilerVar="CPP" />
			<Option target="Release" />
			<Option target="Debug" />
			<Option target="default" />
		</Unit>
		<Unit filename=".\tinyxmlparser.cpp">
			<Option compilerVar="CPP" />
			<Option target="Release" />
			<Option target="Debug" />
			<Option target="default" />
		</Unit>
		<Extensions />
	</Project>
</CodeBlocks_project_file>